
Microsoft Visual Studio Solution File, Format Version 12.00
# Visual Studio Version 17
VisualStudioVersion = 17.8.34525.116
MinimumVisualStudioVersion = 10.0.40219.1
Project("{9A19103F-16F7-4668-BE54-9A1E7A4F7556}") = "ChessOp", "ChessOp\ChessOp.csproj", "{558F73A8-647B-43D0-B6B1-B876724855D7}"
EndProject
Project("{2150E333-8FDC-42A3-9474-1A3956D46DE8}") = "Éléments de solution", "Éléments de solution", "{CA6A1C2E-2A02-41C9-B64E-F6F98701C34B}"
	ProjectSection(SolutionItems) = preProject
		ChessOp\images\WhitePieces\Wknight.png = ChessOp\images\WhitePieces\Wknight.png
	EndProjectSection
EndProject
Project("{2150E333-8FDC-42A3-9474-1A3956D46DE8}") = "Solution Items", "Solution Items", "{D2ADD4D3-3C20-401F-82B7-D412F182692C}"
	ProjectSection(SolutionItems) = preProject
		ChessOp\images\BlackPieces\Bking.png = ChessOp\images\BlackPieces\Bking.png
	EndProjectSection
EndProject
Global
	GlobalSection(SolutionConfigurationPlatforms) = preSolution
		Debug|Any CPU = Debug|Any CPU
		Release|Any CPU = Release|Any CPU
	EndGlobalSection
	GlobalSection(ProjectConfigurationPlatforms) = postSolution
		{558F73A8-647B-43D0-B6B1-B876724855D7}.Debug|Any CPU.ActiveCfg = Debug|Any CPU
		{558F73A8-647B-43D0-B6B1-B876724855D7}.Debug|Any CPU.Build.0 = Debug|Any CPU
		{558F73A8-647B-43D0-B6B1-B876724855D7}.Release|Any CPU.ActiveCfg = Release|Any CPU
		{558F73A8-647B-43D0-B6B1-B876724855D7}.Release|Any CPU.Build.0 = Release|Any CPU
	EndGlobalSection
	GlobalSection(SolutionProperties) = preSolution
		HideSolutionNode = FALSE
	EndGlobalSection
	GlobalSection(ExtensibilityGlobals) = postSolution
		SolutionGuid = {B72B5AA0-57B8-4DE4-9E0E-9321D03FC091}
	EndGlobalSection
EndGlobal
